
Microsoft Visual Studio Solution File, Format Version 11.00
# Visual Studio 2010
Project("{FAE04EC0-301F-11D3-BF4B-00C04F79EFBC}") = "Zombite", "Assembly-CSharp.csproj", "{C4669365-6206-84D8-1AEA-091817196A4E}"
EndProject
Project("{FAE04EC0-301F-11D3-BF4B-00C04F79EFBC}") = "Zombite", "Assembly-CSharp-Editor.csproj", "{935973B9-38D0-7538-8872-DB2CB03D00B8}"
EndProject
Global
	GlobalSection(SolutionConfigurationPlatforms) = preSolution
		Debug|Any CPU = Debug|Any CPU
		Release|Any CPU = Release|Any CPU
	EndGlobalSection
	GlobalSection(ProjectConfigurationPlatforms) = postSolution
		{C4669365-6206-84D8-1AEA-091817196A4E}.Debug|Any CPU.ActiveCfg = Debug|Any CPU
		{C4669365-6206-84D8-1AEA-091817196A4E}.Debug|Any CPU.Build.0 = Debug|Any CPU
		{C4669365-6206-84D8-1AEA-091817196A4E}.Release|Any CPU.ActiveCfg = Release|Any CPU
		{C4669365-6206-84D8-1AEA-091817196A4E}.Release|Any CPU.Build.0 = Release|Any CPU
		{935973B9-38D0-7538-8872-DB2CB03D00B8}.Debug|Any CPU.ActiveCfg = Debug|Any CPU
		{935973B9-38D0-7538-8872-DB2CB03D00B8}.Debug|Any CPU.Build.0 = Debug|Any CPU
		{935973B9-38D0-7538-8872-DB2CB03D00B8}.Release|Any CPU.ActiveCfg = Release|Any CPU
		{935973B9-38D0-7538-8872-DB2CB03D00B8}.Release|Any CPU.Build.0 = Release|Any CPU
	EndGlobalSection
	GlobalSection(SolutionProperties) = preSolution
		HideSolutionNode = FALSE
	EndGlobalSection
	GlobalSection(MonoDevelopProperties) = preSolution
		StartupItem = Assembly-CSharp.csproj
	EndGlobalSection
EndGlobal
